
Microsoft Visual Studio Solution File, Format Version 12.00
# Visual Studio Version 16
VisualStudioVersion = 16.0.28803.352
MinimumVisualStudioVersion = 10.0.40219.1
Project("{FAE04EC0-301F-11D3-BF4B-00C04F79EFBC}") = "BCExplorer.Indexer", ".\BCExplorer.Indexer\BCExplorer.Indexer.csproj", "{3EDD8E91-D4DA-4DC5-8D12-4B59963A391F}"
EndProject
Project("{FAE04EC0-301F-11D3-BF4B-00C04F79EFBC}") = "BCExplorer.Network", ".\BCExplorer.Network\BCExplorer.Network.csproj", "{D065AD67-4514-495D-A170-63E78E516BA1}"
EndProject
Project("{FAE04EC0-301F-11D3-BF4B-00C04F79EFBC}") = "BCExplorer.Web", ".\BCExplorer.Web\BCExplorer.Web.csproj", "{CF17017A-699C-4A5C-BD65-DB33199DCF71}"
EndProject
Project("{FAE04EC0-301F-11D3-BF4B-00C04F79EFBC}") = "BCExplorer.Model", ".\BCExplorer.Model\BCExplorer.Model.csproj", "{384871F3-504D-4F15-9C63-BD3EDDC9BE98}"
EndProject
Project("{FAE04EC0-301F-11D3-BF4B-00C04F79EFBC}") = "BCExplorer.Services", ".\BCExplorer.Services\BCExplorer.Services.csproj", "{77096A5C-4F47-468C-AC52-28CF08AC384D}"
EndProject
Global
	GlobalSection(SolutionConfigurationPlatforms) = preSolution
		Debug|Any CPU = Debug|Any CPU
		Release|Any CPU = Release|Any CPU
	EndGlobalSection
	GlobalSection(ProjectConfigurationPlatforms) = postSolution
		{3EDD8E91-D4DA-4DC5-8D12-4B59963A391F}.Debug|Any CPU.ActiveCfg = Debug|Any CPU
		{3EDD8E91-D4DA-4DC5-8D12-4B59963A391F}.Debug|Any CPU.Build.0 = Debug|Any CPU
		{3EDD8E91-D4DA-4DC5-8D12-4B59963A391F}.Release|Any CPU.ActiveCfg = Release|Any CPU
		{3EDD8E91-D4DA-4DC5-8D12-4B59963A391F}.Release|Any CPU.Build.0 = Release|Any CPU
		{D065AD67-4514-495D-A170-63E78E516BA1}.Debug|Any CPU.ActiveCfg = Debug|Any CPU
		{D065AD67-4514-495D-A170-63E78E516BA1}.Debug|Any CPU.Build.0 = Debug|Any CPU
		{D065AD67-4514-495D-A170-63E78E516BA1}.Release|Any CPU.ActiveCfg = Release|Any CPU
		{D065AD67-4514-495D-A170-63E78E516BA1}.Release|Any CPU.Build.0 = Release|Any CPU
		{CF17017A-699C-4A5C-BD65-DB33199DCF71}.Debug|Any CPU.ActiveCfg = Debug|Any CPU
		{CF17017A-699C-4A5C-BD65-DB33199DCF71}.Debug|Any CPU.Build.0 = Debug|Any CPU
		{CF17017A-699C-4A5C-BD65-DB33199DCF71}.Release|Any CPU.ActiveCfg = Release|Any CPU
		{CF17017A-699C-4A5C-BD65-DB33199DCF71}.Release|Any CPU.Build.0 = Release|Any CPU
		{384871F3-504D-4F15-9C63-BD3EDDC9BE98}.Debug|Any CPU.ActiveCfg = Debug|Any CPU
		{384871F3-504D-4F15-9C63-BD3EDDC9BE98}.Debug|Any CPU.Build.0 = Debug|Any CPU
		{384871F3-504D-4F15-9C63-BD3EDDC9BE98}.Release|Any CPU.ActiveCfg = Release|Any CPU
		{384871F3-504D-4F15-9C63-BD3EDDC9BE98}.Release|Any CPU.Build.0 = Release|Any CPU
		{77096A5C-4F47-468C-AC52-28CF08AC384D}.Debug|Any CPU.ActiveCfg = Debug|Any CPU
		{77096A5C-4F47-468C-AC52-28CF08AC384D}.Debug|Any CPU.Build.0 = Debug|Any CPU
		{77096A5C-4F47-468C-AC52-28CF08AC384D}.Release|Any CPU.ActiveCfg = Release|Any CPU
		{77096A5C-4F47-468C-AC52-28CF08AC384D}.Release|Any CPU.Build.0 = Release|Any CPU
	EndGlobalSection
	GlobalSection(SolutionProperties) = preSolution
		HideSolutionNode = FALSE
	EndGlobalSection
	GlobalSection(ExtensibilityGlobals) = postSolution
		SolutionGuid = {56A61EE1-58F2-4C27-ABF7-A5EE853069D5}
	EndGlobalSection
EndGlobal
